
Microsoft Visual Studio Solution File, Format Version 12.00
# Visual Studio 2012
Project("{FAE04EC0-301F-11D3-BF4B-00C04F79EFBC}") = "Xyperico.Authentication", "Xyperico.Authentication\Xyperico.Authentication.csproj", "{50FC2DD4-89E2-4AB3-856F-98F66EC175C8}"
EndProject
Project("{FAE04EC0-301F-11D3-BF4B-00C04F79EFBC}") = "Xyperico.Authentication.Tests", "Xyperico.Authentication.Tests\Xyperico.Authentication.Tests.csproj", "{7D55C6F1-2C85-4C00-BB28-654A9E9B4767}"
EndProject
Project("{2150E333-8FDC-42A3-9474-1A3956D46DE8}") = "Documents", "Documents", "{1073B0C8-279C-4183-AF28-2E33A22F184D}"
	ProjectSection(SolutionItems) = preProject
		copy-libraries.bat = copy-libraries.bat
		Xyperico.Authentication.Tests\invalid-user-names-test.txt = Xyperico.Authentication.Tests\invalid-user-names-test.txt
		Xyperico.Authentication.Tests\Xyperico.Authentication.Tests.config = Xyperico.Authentication.Tests\Xyperico.Authentication.Tests.config
	EndProjectSection
EndProject
Project("{FAE04EC0-301F-11D3-BF4B-00C04F79EFBC}") = "Xyperico.Authentication.MongoDB", "Xyperico.Authentication.MongoDB\Xyperico.Authentication.MongoDB.csproj", "{0E51F3F5-048C-44D6-83FF-22F143EDF592}"
EndProject
Project("{FAE04EC0-301F-11D3-BF4B-00C04F79EFBC}") = "Xyperico.Authentication.Web.Tests", "Xyperico.Authentication.Web.Tests\Xyperico.Authentication.Web.Tests.csproj", "{8D752FA5-DDF5-47CF-A087-19D49960427C}"
EndProject
Project("{FAE04EC0-301F-11D3-BF4B-00C04F79EFBC}") = "Xyperico.Authentication.Web", "Xyperico.Authentication.Web\Xyperico.Authentication.Web.csproj", "{95BF8EA9-BADD-43BF-9E69-8AEE1045A5A8}"
EndProject
Global
	GlobalSection(SolutionConfigurationPlatforms) = preSolution
		Debug|Any CPU = Debug|Any CPU
		Release|Any CPU = Release|Any CPU
	EndGlobalSection
	GlobalSection(ProjectConfigurationPlatforms) = postSolution
		{50FC2DD4-89E2-4AB3-856F-98F66EC175C8}.Debug|Any CPU.ActiveCfg = Debug|Any CPU
		{50FC2DD4-89E2-4AB3-856F-98F66EC175C8}.Debug|Any CPU.Build.0 = Debug|Any CPU
		{50FC2DD4-89E2-4AB3-856F-98F66EC175C8}.Release|Any CPU.ActiveCfg = Release|Any CPU
		{50FC2DD4-89E2-4AB3-856F-98F66EC175C8}.Release|Any CPU.Build.0 = Release|Any CPU
		{7D55C6F1-2C85-4C00-BB28-654A9E9B4767}.Debug|Any CPU.ActiveCfg = Debug|Any CPU
		{7D55C6F1-2C85-4C00-BB28-654A9E9B4767}.Debug|Any CPU.Build.0 = Debug|Any CPU
		{7D55C6F1-2C85-4C00-BB28-654A9E9B4767}.Release|Any CPU.ActiveCfg = Release|Any CPU
		{7D55C6F1-2C85-4C00-BB28-654A9E9B4767}.Release|Any CPU.Build.0 = Release|Any CPU
		{0E51F3F5-048C-44D6-83FF-22F143EDF592}.Debug|Any CPU.ActiveCfg = Debug|Any CPU
		{0E51F3F5-048C-44D6-83FF-22F143EDF592}.Debug|Any CPU.Build.0 = Debug|Any CPU
		{0E51F3F5-048C-44D6-83FF-22F143EDF592}.Release|Any CPU.ActiveCfg = Release|Any CPU
		{0E51F3F5-048C-44D6-83FF-22F143EDF592}.Release|Any CPU.Build.0 = Release|Any CPU
		{8D752FA5-DDF5-47CF-A087-19D49960427C}.Debug|Any CPU.ActiveCfg = Debug|Any CPU
		{8D752FA5-DDF5-47CF-A087-19D49960427C}.Debug|Any CPU.Build.0 = Debug|Any CPU
		{8D752FA5-DDF5-47CF-A087-19D49960427C}.Release|Any CPU.ActiveCfg = Release|Any CPU
		{8D752FA5-DDF5-47CF-A087-19D49960427C}.Release|Any CPU.Build.0 = Release|Any CPU
		{95BF8EA9-BADD-43BF-9E69-8AEE1045A5A8}.Debug|Any CPU.ActiveCfg = Debug|Any CPU
		{95BF8EA9-BADD-43BF-9E69-8AEE1045A5A8}.Debug|Any CPU.Build.0 = Debug|Any CPU
		{95BF8EA9-BADD-43BF-9E69-8AEE1045A5A8}.Release|Any CPU.ActiveCfg = Release|Any CPU
		{95BF8EA9-BADD-43BF-9E69-8AEE1045A5A8}.Release|Any CPU.Build.0 = Release|Any CPU
	EndGlobalSection
	GlobalSection(SolutionProperties) = preSolution
		HideSolutionNode = FALSE
	EndGlobalSection
EndGlobal
